
Microsoft Visual Studio Solution File, Format Version 12.00
# Visual Studio Version 17
VisualStudioVersion = 17.3.32922.545
MinimumVisualStudioVersion = 10.0.40219.1
Project("{FAE04EC0-301F-11D3-BF4B-00C04F79EFBC}") = "KMD0Editor", "KMD0Editor\KMD0Editor.csproj", "{6458F325-7E5F-4931-A177-BBE681AB3DB3}"
EndProject
Global
	GlobalSection(SolutionConfigurationPlatforms) = preSolution
		Debug|Any CPU = Debug|Any CPU
		Release|Any CPU = Release|Any CPU
	EndGlobalSection
	GlobalSection(ProjectConfigurationPlatforms) = postSolution
		{6458F325-7E5F-4931-A177-BBE681AB3DB3}.Debug|Any CPU.ActiveCfg = Debug|Any CPU
		{6458F325-7E5F-4931-A177-BBE681AB3DB3}.Debug|Any CPU.Build.0 = Debug|Any CPU
		{6458F325-7E5F-4931-A177-BBE681AB3DB3}.Release|Any CPU.ActiveCfg = Release|Any CPU
		{6458F325-7E5F-4931-A177-BBE681AB3DB3}.Release|Any CPU.Build.0 = Release|Any CPU
	EndGlobalSection
	GlobalSection(SolutionProperties) = preSolution
		HideSolutionNode = FALSE
	EndGlobalSection
	GlobalSection(ExtensibilityGlobals) = postSolution
		SolutionGuid = {2AECBD70-E183-4EE7-8010-7E1A80F67897}
	EndGlobalSection
EndGlobal
